
Microsoft Visual Studio Solution File, Format Version 12.00
# Visual Studio Version 17
VisualStudioVersion = 17.11.35222.181
MinimumVisualStudioVersion = 10.0.40219.1
Project("{FAE04EC0-301F-11D3-BF4B-00C04F79EFBC}") = "vinoteca-JairMirad", "vinoteca-JairMirad\vinoteca-JairMirad.csproj", "{77FC1C47-0289-4631-B1CA-0648ED743BF3}"
EndProject
Global
	GlobalSection(SolutionConfigurationPlatforms) = preSolution
		Debug|Any CPU = Debug|Any CPU
		Release|Any CPU = Release|Any CPU
	EndGlobalSection
	GlobalSection(ProjectConfigurationPlatforms) = postSolution
		{77FC1C47-0289-4631-B1CA-0648ED743BF3}.Debug|Any CPU.ActiveCfg = Debug|Any CPU
		{77FC1C47-0289-4631-B1CA-0648ED743BF3}.Debug|Any CPU.Build.0 = Debug|Any CPU
		{77FC1C47-0289-4631-B1CA-0648ED743BF3}.Release|Any CPU.ActiveCfg = Release|Any CPU
		{77FC1C47-0289-4631-B1CA-0648ED743BF3}.Release|Any CPU.Build.0 = Release|Any CPU
	EndGlobalSection
	GlobalSection(SolutionProperties) = preSolution
		HideSolutionNode = FALSE
	EndGlobalSection
	GlobalSection(ExtensibilityGlobals) = postSolution
		SolutionGuid = {BA288FCC-3290-4EEF-B661-B775AF6228C8}
	EndGlobalSection
EndGlobal
